
Microsoft Visual Studio Solution File, Format Version 12.00
# Visual Studio Version 16
VisualStudioVersion = 16.0.32228.343
MinimumVisualStudioVersion = 10.0.40219.1
Project("{FAE04EC0-301F-11D3-BF4B-00C04F79EFBC}") = "L02", "L02\L02.csproj", "{12F50BF6-9790-4501-A1A9-4B5FB5F494F3}"
EndProject
Global
	GlobalSection(SolutionConfigurationPlatforms) = preSolution
		Debug|Any CPU = Debug|Any CPU
		Release|Any CPU = Release|Any CPU
	EndGlobalSection
	GlobalSection(ProjectConfigurationPlatforms) = postSolution
		{12F50BF6-9790-4501-A1A9-4B5FB5F494F3}.Debug|Any CPU.ActiveCfg = Debug|Any CPU
		{12F50BF6-9790-4501-A1A9-4B5FB5F494F3}.Debug|Any CPU.Build.0 = Debug|Any CPU
		{12F50BF6-9790-4501-A1A9-4B5FB5F494F3}.Release|Any CPU.ActiveCfg = Release|Any CPU
		{12F50BF6-9790-4501-A1A9-4B5FB5F494F3}.Release|Any CPU.Build.0 = Release|Any CPU
	EndGlobalSection
	GlobalSection(SolutionProperties) = preSolution
		HideSolutionNode = FALSE
	EndGlobalSection
	GlobalSection(ExtensibilityGlobals) = postSolution
		SolutionGuid = {1D7B4463-F1EF-429B-B8C7-A905E3CE1CAC}
	EndGlobalSection
EndGlobal
