
Microsoft Visual Studio Solution File, Format Version 12.00
# Visual Studio Version 16
VisualStudioVersion = 16.0.32407.337
MinimumVisualStudioVersion = 10.0.40219.1
Project("{FAE04EC0-301F-11D3-BF4B-00C04F79EFBC}") = "WindowsFormsApp2", "WindowsFormsApp2\WindowsFormsApp2.csproj", "{CEC4968C-2C40-4FFE-B89F-C28F0F02056E}"
EndProject
Global
	GlobalSection(SolutionConfigurationPlatforms) = preSolution
		Debug|Any CPU = Debug|Any CPU
		Release|Any CPU = Release|Any CPU
	EndGlobalSection
	GlobalSection(ProjectConfigurationPlatforms) = postSolution
		{CEC4968C-2C40-4FFE-B89F-C28F0F02056E}.Debug|Any CPU.ActiveCfg = Debug|Any CPU
		{CEC4968C-2C40-4FFE-B89F-C28F0F02056E}.Debug|Any CPU.Build.0 = Debug|Any CPU
		{CEC4968C-2C40-4FFE-B89F-C28F0F02056E}.Release|Any CPU.ActiveCfg = Release|Any CPU
		{CEC4968C-2C40-4FFE-B89F-C28F0F02056E}.Release|Any CPU.Build.0 = Release|Any CPU
	EndGlobalSection
	GlobalSection(SolutionProperties) = preSolution
		HideSolutionNode = FALSE
	EndGlobalSection
	GlobalSection(ExtensibilityGlobals) = postSolution
		SolutionGuid = {EEA96873-AACB-494D-995B-677CF0B6D849}
	EndGlobalSection
EndGlobal
