
Microsoft Visual Studio Solution File, Format Version 12.00
# Visual Studio Version 16
VisualStudioVersion = 16.0.32407.337
MinimumVisualStudioVersion = 10.0.40219.1
Project("{FAE04EC0-301F-11D3-BF4B-00C04F79EFBC}") = "WindowsFormsApp5", "WindowsFormsApp5\WindowsFormsApp5.csproj", "{51E7FD9A-FFC9-4F72-BA27-599D7F710083}"
EndProject
Global
	GlobalSection(SolutionConfigurationPlatforms) = preSolution
		Debug|Any CPU = Debug|Any CPU
		Release|Any CPU = Release|Any CPU
	EndGlobalSection
	GlobalSection(ProjectConfigurationPlatforms) = postSolution
		{51E7FD9A-FFC9-4F72-BA27-599D7F710083}.Debug|Any CPU.ActiveCfg = Debug|Any CPU
		{51E7FD9A-FFC9-4F72-BA27-599D7F710083}.Debug|Any CPU.Build.0 = Debug|Any CPU
		{51E7FD9A-FFC9-4F72-BA27-599D7F710083}.Release|Any CPU.ActiveCfg = Release|Any CPU
		{51E7FD9A-FFC9-4F72-BA27-599D7F710083}.Release|Any CPU.Build.0 = Release|Any CPU
	EndGlobalSection
	GlobalSection(SolutionProperties) = preSolution
		HideSolutionNode = FALSE
	EndGlobalSection
	GlobalSection(ExtensibilityGlobals) = postSolution
		SolutionGuid = {D93F0041-677C-4262-B275-A19375CC6FA5}
	EndGlobalSection
EndGlobal
