
Microsoft Visual Studio Solution File, Format Version 12.00
# Visual Studio Version 16
VisualStudioVersion = 16.0.32228.343
MinimumVisualStudioVersion = 10.0.40219.1
Project("{FAE04EC0-301F-11D3-BF4B-00C04F79EFBC}") = "for01", "for01\for01.csproj", "{F279DBD8-D563-4563-AA18-290C1A4DB5B8}"
EndProject
Global
	GlobalSection(SolutionConfigurationPlatforms) = preSolution
		Debug|Any CPU = Debug|Any CPU
		Release|Any CPU = Release|Any CPU
	EndGlobalSection
	GlobalSection(ProjectConfigurationPlatforms) = postSolution
		{F279DBD8-D563-4563-AA18-290C1A4DB5B8}.Debug|Any CPU.ActiveCfg = Debug|Any CPU
		{F279DBD8-D563-4563-AA18-290C1A4DB5B8}.Debug|Any CPU.Build.0 = Debug|Any CPU
		{F279DBD8-D563-4563-AA18-290C1A4DB5B8}.Release|Any CPU.ActiveCfg = Release|Any CPU
		{F279DBD8-D563-4563-AA18-290C1A4DB5B8}.Release|Any CPU.Build.0 = Release|Any CPU
	EndGlobalSection
	GlobalSection(SolutionProperties) = preSolution
		HideSolutionNode = FALSE
	EndGlobalSection
	GlobalSection(ExtensibilityGlobals) = postSolution
		SolutionGuid = {9059596E-7D62-466F-8185-667A7E156A3D}
	EndGlobalSection
EndGlobal
